
Microsoft Visual Studio Solution File, Format Version 12.00
# Visual Studio Version 17
VisualStudioVersion = 17.10.35013.160
MinimumVisualStudioVersion = 10.0.40219.1
Project("{FAE04EC0-301F-11D3-BF4B-00C04F79EFBC}") = "QuotationRequestSample", "QuotationRequestSample\QuotationRequestSample.csproj", "{B2326253-77EB-49BE-94D2-AE700390B01D}"
EndProject
Global
	GlobalSection(SolutionConfigurationPlatforms) = preSolution
		Debug|Any CPU = Debug|Any CPU
		Release|Any CPU = Release|Any CPU
	EndGlobalSection
	GlobalSection(ProjectConfigurationPlatforms) = postSolution
		{B2326253-77EB-49BE-94D2-AE700390B01D}.Debug|Any CPU.ActiveCfg = Debug|Any CPU
		{B2326253-77EB-49BE-94D2-AE700390B01D}.Debug|Any CPU.Build.0 = Debug|Any CPU
		{B2326253-77EB-49BE-94D2-AE700390B01D}.Release|Any CPU.ActiveCfg = Release|Any CPU
		{B2326253-77EB-49BE-94D2-AE700390B01D}.Release|Any CPU.Build.0 = Release|Any CPU
	EndGlobalSection
	GlobalSection(SolutionProperties) = preSolution
		HideSolutionNode = FALSE
	EndGlobalSection
	GlobalSection(ExtensibilityGlobals) = postSolution
		SolutionGuid = {79314A48-87E5-408B-B65C-2DB381188A3D}
	EndGlobalSection
EndGlobal
